// !$*UTF8*$!
{
	archiveVersion = 1;
	classes = {
	};
	objectVersion = 50;
	objects = {

/* Begin PBXBuildFile section */
		107BF75D24A17DA900372A09 /* AppDelegate.swift in Sources */ = {isa = PBXBuildFile; fileRef = 107BF75C24A17DA900372A09 /* AppDelegate.swift */; };
		107BF75F24A17DAA00372A09 /* SceneDelegate.swift in Sources */ = {isa = PBXBuildFile; fileRef = 107BF75E24A17DAA00372A09 /* SceneDelegate.swift */; };
		107BF76124A17DAB00372A09 /* ViewController.swift in Sources */ = {isa = PBXBuildFile; fileRef = 107BF76024A17DAB00372A09 /* ViewController.swift */; };
		107BF76424A17DAD00372A09 /* Main.storyboard in Resources */ = {isa = PBXBuildFile; fileRef = 107BF76224A17DAD00372A09 /* Main.storyboard */; };
		107BF76624A17DEA00372A09 /* Assets.xcassets in Resources */ = {isa = PBXBuildFile; fileRef = 107BF76524A17DEA00372A09 /* Assets.xcassets */; };
		107BF76924A17DEB00372A09 /* LaunchScreen.storyboard in Resources */ = {isa = PBXBuildFile; fileRef = 107BF76724A17DEB00372A09 /* LaunchScreen.storyboard */; };
		107BF77424A17DEF00372A09 /* CrankDaGangTests.swift in Sources */ = {isa = PBXBuildFile; fileRef = 107BF77324A17DEF00372A09 /* CrankDaGangTests.swift */; };
		107BF77F24A17DF300372A09 /* CrankDaGangUITests.swift in Sources */ = {isa = PBXBuildFile; fileRef = 107BF77E24A17DF300372A09 /* CrankDaGangUITests.swift */; };
/* End PBXBuildFile section */

/* Begin PBXContainerItemProxy section */
		107BF77024A17DEF00372A09 /* PBXContainerItemProxy */ = {
			isa = PBXContainerItemProxy;
			containerPortal = 107BF75124A17DA200372A09 /* Project object */;
			proxyType = 1;
			remoteGlobalIDString = 107BF75824A17DA400372A09;
			remoteInfo = CrankDaGang;
		};
		107BF77B24A17DF200372A09 /* PBXContainerItemProxy */ = {
			isa = PBXContainerItemProxy;
			containerPortal = 107BF75124A17DA200372A09 /* Project object */;
			proxyType = 1;
			remoteGlobalIDString = 107BF75824A17DA400372A09;
			remoteInfo = CrankDaGang;
		};
/* End PBXContainerItemProxy section */

/* Begin PBXFileReference section */
		107BF75924A17DA400372A09 /* CrankDaGang.app */ = {isa = PBXFileReference; explicitFileType = wrapper.application; includeInIndex = 0; path = CrankDaGang.app; sourceTree = BUILT_PRODUCTS_DIR; };
		107BF75C24A17DA900372A09 /* AppDelegate.swift */ = {isa = PBXFileReference; lastKnownFileType = sourcecode.swift; path = AppDelegate.swift; sourceTree = "<group>"; };
		107BF75E24A17DAA00372A09 /* SceneDelegate.swift */ = {isa = PBXFileReference; lastKnownFileType = sourcecode.swift; path = SceneDelegate.swift; sourceTree = "<group>"; };
		107BF76024A17DAB00372A09 /* ViewController.swift */ = {isa = PBXFileReference; lastKnownFileType = sourcecode.swift; path = ViewController.swift; sourceTree = "<group>"; };
		107BF76324A17DAD00372A09 /* Base */ = {isa = PBXFileReference; lastKnownFileType = file.storyboard; name = Base; path = Base.lproj/Main.storyboard; sourceTree = "<group>"; };
		107BF76524A17DEA00372A09 /* Assets.xcassets */ = {isa = PBXFileReference; lastKnownFileType = folder.assetcatalog; path = Assets.xcassets; sourceTree = "<group>"; };
		107BF76824A17DEB00372A09 /* Base */ = {isa = PBXFileReference; lastKnownFileType = file.storyboard; name = Base; path = Base.lproj/LaunchScreen.storyboard; sourceTree = "<group>"; };
		107BF76A24A17DED00372A09 /* Info.plist */ = {isa = PBXFileReference; lastKnownFileType = text.plist.xml; path = Info.plist; sourceTree = "<group>"; };
		107BF76F24A17DEF00372A09 /* CrankDaGangTests.xctest */ = {isa = PBXFileReference; explicitFileType = wrapper.cfbundle; includeInIndex = 0; path = CrankDaGangTests.xctest; sourceTree = BUILT_PRODUCTS_DIR; };
		107BF77324A17DEF00372A09 /* CrankDaGangTests.swift */ = {isa = PBXFileReference; lastKnownFileType = sourcecode.swift; path = CrankDaGangTests.swift; sourceTree = "<group>"; };
		107BF77524A17DF200372A09 /* Info.plist */ = {isa = PBXFileReference; lastKnownFileType = text.plist.xml; path = Info.plist; sourceTree = "<group>"; };
		107BF77A24A17DF200372A09 /* CrankDaGangUITests.xctest */ = {isa = PBXFileReference; explicitFileType = wrapper.cfbundle; includeInIndex = 0; path = CrankDaGangUITests.xctest; sourceTree = BUILT_PRODUCTS_DIR; };
		107BF77E24A17DF300372A09 /* CrankDaGangUITests.swift */ = {isa = PBXFileReference; lastKnownFileType = sourcecode.swift; path = CrankDaGangUITests.swift; sourceTree = "<group>"; };
		107BF78024A17DFA00372A09 /* Info.plist */ = {isa = PBXFileReference; lastKnownFileType = text.plist.xml; path = Info.plist; sourceTree = "<group>"; };
/* End PBXFileReference section */

/* Begin PBXFrameworksBuildPhase section */
		107BF75624A17DA400372A09 /* Frameworks */ = {
			isa = PBXFrameworksBuildPhase;
			buildActionMask = 2147483647;
			files = (
			);
			runOnlyForDeploymentPostprocessing = 0;
		};
		107BF76C24A17DEF00372A09 /* Frameworks */ = {
			isa = PBXFrameworksBuildPhase;
			buildActionMask = 2147483647;
			files = (
			);
			runOnlyForDeploymentPostprocessing = 0;
		};
		107BF77724A17DF200372A09 /* Frameworks */ = {
			isa = PBXFrameworksBuildPhase;
			buildActionMask = 2147483647;
			files = (
			);
			runOnlyForDeploymentPostprocessing = 0;
		};
/* End PBXFrameworksBuildPhase section */

/* Begin PBXGroup section */
		107BF75024A17DA100372A09 = {
			isa = PBXGroup;
			children = (
				107BF75B24A17DA500372A09 /* CrankDaGang */,
				107BF77224A17DEF00372A09 /* CrankDaGangTests */,
				107BF77D24A17DF200372A09 /* CrankDaGangUITests */,
				107BF75A24A17DA400372A09 /* Products */,
			);
			sourceTree = "<group>";
		};
		107BF75A24A17DA400372A09 /* Products */ = {
			isa = PBXGroup;
			children = (
				107BF75924A17DA400372A09 /* CrankDaGang.app */,
				107BF76F24A17DEF00372A09 /* CrankDaGangTests.xctest */,
				107BF77A24A17DF200372A09 /* CrankDaGangUITests.xctest */,
			);
			name = Products;
			sourceTree = "<group>";
		};
		107BF75B24A17DA500372A09 /* CrankDaGang */ = {
			isa = PBXGroup;
			children = (
				107BF75C24A17DA900372A09 /* AppDelegate.swift */,
				107BF75E24A17DAA00372A09 /* SceneDelegate.swift */,
				107BF76024A17DAB00372A09 /* ViewController.swift */,
				107BF76224A17DAD00372A09 /* Main.storyboard */,
				107BF76524A17DEA00372A09 /* Assets.xcassets */,
				107BF76724A17DEB00372A09 /* LaunchScreen.storyboard */,
				107BF76A24A17DED00372A09 /* Info.plist */,
			);
			path = CrankDaGang;
			sourceTree = "<group>";
		};
		107BF77224A17DEF00372A09 /* CrankDaGangTests */ = {
			isa = PBXGroup;
			children = (
				107BF77324A17DEF00372A09 /* CrankDaGangTests.swift */,
				107BF77524A17DF200372A09 /* Info.plist */,
			);
			path = CrankDaGangTests;
			sourceTree = "<group>";
		};
		107BF77D24A17DF200372A09 /* CrankDaGangUITests */ = {
			isa = PBXGroup;
			children = (
				107BF77E24A17DF300372A09 /* CrankDaGangUITests.swift */,
				107BF78024A17DFA00372A09 /* Info.plist */,
			);
			path = CrankDaGangUITests;
			sourceTree = "<group>";
		};
/* End PBXGroup section */

/* Begin PBXNativeTarget section */
		107BF75824A17DA400372A09 /* CrankDaGang */ = {
			isa = PBXNativeTarget;
			buildConfigurationList = 107BF78324A17DFB00372A09 /* Build configuration list for PBXNativeTarget "CrankDaGang" */;
			buildPhases = (
				107BF75524A17DA400372A09 /* Sources */,
				107BF75624A17DA400372A09 /* Frameworks */,
				107BF75724A17DA400372A09 /* Resources */,
			);
			buildRules = (
			);
			dependencies = (
			);
			name = CrankDaGang;
			productName = CrankDaGang;
			productReference = 107BF75924A17DA400372A09 /* CrankDaGang.app */;
			productType = "com.apple.product-type.application";
		};
		107BF76E24A17DEF00372A09 /* CrankDaGangTests */ = {
			isa = PBXNativeTarget;
			buildConfigurationList = 107BF78624A17DFB00372A09 /* Build configuration list for PBXNativeTarget "CrankDaGangTests" */;
			buildPhases = (
				107BF76B24A17DEF00372A09 /* Sources */,
				107BF76C24A17DEF00372A09 /* Frameworks */,
				107BF76D24A17DEF00372A09 /* Resources */,
			);
			buildRules = (
			);
			dependencies = (
				107BF77124A17DEF00372A09 /* PBXTargetDependency */,
			);
			name = CrankDaGangTests;
			productName = CrankDaGangTests;
			productReference = 107BF76F24A17DEF00372A09 /* CrankDaGangTests.xctest */;
			productType = "com.apple.product-type.bundle.unit-test";
		};
		107BF77924A17DF200372A09 /* CrankDaGangUITests */ = {
			isa = PBXNativeTarget;
			buildConfigurationList = 107BF78924A17DFB00372A09 /* Build configuration list for PBXNativeTarget "CrankDaGangUITests" */;
			buildPhases = (
				107BF77624A17DF200372A09 /* Sources */,
				107BF77724A17DF200372A09 /* Frameworks */,
				107BF77824A17DF200372A09 /* Resources */,
			);
			buildRules = (
			);
			dependencies = (
				107BF77C24A17DF200372A09 /* PBXTargetDependency */,
			);
			name = CrankDaGangUITests;
			productName = CrankDaGangUITests;
			productReference = 107BF77A24A17DF200372A09 /* CrankDaGangUITests.xctest */;
			productType = "com.apple.product-type.bundle.ui-testing";
		};
/* End PBXNativeTarget section */

/* Begin PBXProject section */
		107BF75124A17DA200372A09 /* Project object */ = {
			isa = PBXProject;
			attributes = {
				LastSwiftUpdateCheck = 1150;
				LastUpgradeCheck = 1150;
				ORGANIZATIONNAME = "Andre Atkins";
				TargetAttributes = {
					107BF75824A17DA400372A09 = {
						CreatedOnToolsVersion = 11.5;
					};
					107BF76E24A17DEF00372A09 = {
						CreatedOnToolsVersion = 11.5;
						TestTargetID = 107BF75824A17DA400372A09;
					};
					107BF77924A17DF200372A09 = {
						CreatedOnToolsVersion = 11.5;
						TestTargetID = 107BF75824A17DA400372A09;
					};
				};
			};
			buildConfigurationList = 107BF75424A17DA200372A09 /* Build configuration list for PBXProject "CrankDaGang" */;
			compatibilityVersion = "Xcode 9.3";
			developmentRegion = en;
			hasScannedForEncodings = 0;
			knownRegions = (
				en,
				Base,
			);
			mainGroup = 107BF75024A17DA100372A09;
			productRefGroup = 107BF75A24A17DA400372A09 /* Products */;
			projectDirPath = "";
			projectRoot = "";
			targets = (
				107BF75824A17DA400372A09 /* CrankDaGang */,
				107BF76E24A17DEF00372A09 /* CrankDaGangTests */,
				107BF77924A17DF200372A09 /* CrankDaGangUITests */,
			);
		};
/* End PBXProject section */

/* Begin PBXResourcesBuildPhase section */
		107BF75724A17DA400372A09 /* Resources */ = {
			isa = PBXResourcesBuildPhase;
			buildActionMask = 2147483647;
			files = (
				107BF76924A17DEB00372A09 /* LaunchScreen.storyboard in Resources */,
				107BF76624A17DEA00372A09 /* Assets.xcassets in Resources */,
				107BF76424A17DAD00372A09 /* Main.storyboard in Resources */,
			);
			runOnlyForDeploymentPostprocessing = 0;
		};
		107BF76D24A17DEF00372A09 /* Resources */ = {
			isa = PBXResourcesBuildPhase;
			buildActionMask = 2147483647;
			files = (
			);
			runOnlyForDeploymentPostprocessing = 0;
		};
		107BF77824A17DF200372A09 /* Resources */ = {
			isa = PBXResourcesBuildPhase;
			buildActionMask = 2147483647;
			files = (
			);
			runOnlyForDeploymentPostprocessing = 0;
		};
/* End PBXResourcesBuildPhase section */

/* Begin PBXSourcesBuildPhase section */
		107BF75524A17DA400372A09 /* Sources */ = {
			isa = PBXSourcesBuildPhase;
			buildActionMask = 2147483647;
			files = (
				107BF76124A17DAB00372A09 /* ViewController.swift in Sources */,
				107BF75D24A17DA900372A09 /* AppDelegate.swift in Sources */,
				107BF75F24A17DAA00372A09 /* SceneDelegate.swift in Sources */,
			);
			runOnlyForDeploymentPostprocessing = 0;
		};
		107BF76B24A17DEF00372A09 /* Sources */ = {
			isa = PBXSourcesBuildPhase;
			buildActionMask = 2147483647;
			files = (
				107BF77424A17DEF00372A09 /* CrankDaGangTests.swift in Sources */,
			);
			runOnlyForDeploymentPostprocessing = 0;
		};
		107BF77624A17DF200372A09 /* Sources */ = {
			isa = PBXSourcesBuildPhase;
			buildActionMask = 2147483647;
			files = (
				107BF77F24A17DF300372A09 /* CrankDaGangUITests.swift in Sources */,
			);
			runOnlyForDeploymentPostprocessing = 0;
		};
/* End PBXSourcesBuildPhase section */

/* Begin PBXTargetDependency section */
		107BF77124A17DEF00372A09 /* PBXTargetDependency */ = {
			isa = PBXTargetDependency;
			target = 107BF75824A17DA400372A09 /* CrankDaGang */;
			targetProxy = 107BF77024A17DEF00372A09 /* PBXContainerItemProxy */;
		};
		107BF77C24A17DF200372A09 /* PBXTargetDependency */ = {
			isa = PBXTargetDependency;
			target = 107BF75824A17DA400372A09 /* CrankDaGang */;
			targetProxy = 107BF77B24A17DF200372A09 /* PBXContainerItemProxy */;
		};
/* End PBXTargetDependency section */

/* Begin PBXVariantGroup section */
		107BF76224A17DAD00372A09 /* Main.storyboard */ = {
			isa = PBXVariantGroup;
			children = (
				107BF76324A17DAD00372A09 /* Base */,
			);
			name = Main.storyboard;
			sourceTree = "<group>";
		};
		107BF76724A17DEB00372A09 /* LaunchScreen.storyboard */ = {
			isa = PBXVariantGroup;
			children = (
				107BF76824A17DEB00372A09 /* Base */,
			);
			name = LaunchScreen.storyboard;
			sourceTree = "<group>";
		};
/* End PBXVariantGroup section */

/* Begin XCBuildConfiguration section */
		107BF78124A17DFA00372A09 /* Debug */ = {
			isa = XCBuildConfiguration;
			buildSettings = {
				ALWAYS_SEARCH_USER_PATHS = NO;
				CLANG_ANALYZER_NONNULL = YES;
				CLANG_ANALYZER_NUMBER_OBJECT_CONVERSION = YES_AGGRESSIVE;
				CLANG_CXX_LANGUAGE_STANDARD = "gnu++14";
				CLANG_CXX_LIBRARY = "libc++";
				CLANG_ENABLE_MODULES = YES;
				CLANG_ENABLE_OBJC_ARC = YES;
				CLANG_ENABLE_OBJC_WEAK = YES;
				CLANG_WARN_BLOCK_CAPTURE_AUTORELEASING = YES;
				CLANG_WARN_BOOL_CONVERSION = YES;
				CLANG_WARN_COMMA = YES;
				CLANG_WARN_CONSTANT_CONVERSION = YES;
				CLANG_WARN_DEPRECATED_OBJC_IMPLEMENTATIONS = YES;
				CLANG_WARN_DIRECT_OBJC_ISA_USAGE = YES_ERROR;
				CLANG_WARN_DOCUMENTATION_COMMENTS = YES;
				CLANG_WARN_EMPTY_BODY = YES;
				CLANG_WARN_ENUM_CONVERSION = YES;
				CLANG_WARN_INFINITE_RECURSION = YES;
				CLANG_WARN_INT_CONVERSION = YES;
				CLANG_WARN_NON_LITERAL_NULL_CONVERSION = YES;
				CLANG_WARN_OBJC_IMPLICIT_RETAIN_SELF = YES;
				CLANG_WARN_OBJC_LITERAL_CONVERSION = YES;
				CLANG_WARN_OBJC_ROOT_CLASS = YES_ERROR;
				CLANG_WARN_RANGE_LOOP_ANALYSIS = YES;
				CLANG_WARN_STRICT_PROTOTYPES = YES;
				CLANG_WARN_SUSPICIOUS_MOVE = YES;
				CLANG_WARN_UNGUARDED_AVAILABILITY = YES_AGGRESSIVE;
				CLANG_WARN_UNREACHABLE_CODE = YES;
				CLANG_WARN__DUPLICATE_METHOD_MATCH = YES;
				COPY_PHASE_STRIP = NO;
				DEBUG_INFORMATION_FORMAT = dwarf;
				ENABLE_STRICT_OBJC_MSGSEND = YES;
				ENABLE_TESTABILITY = YES;
				GCC_C_LANGUAGE_STANDARD = gnu11;
				GCC_DYNAMIC_NO_PIC = NO;
				GCC_NO_COMMON_BLOCKS = YES;
				GCC_OPTIMIZATION_LEVEL = 0;
				GCC_PREPROCESSOR_DEFINITIONS = (
					"DEBUG=1",
					"$(inherited)",
				);
				GCC_WARN_64_TO_32_BIT_CONVERSION = YES;
				GCC_WARN_ABOUT_RETURN_TYPE = YES_ERROR;
				GCC_WARN_UNDECLARED_SELECTOR = YES;
				GCC_WARN_UNINITIALIZED_AUTOS = YES_AGGRESSIVE;
				GCC_WARN_UNUSED_FUNCTION = YES;
				GCC_WARN_UNUSED_VARIABLE = YES;
				IPHONEOS_DEPLOYMENT_TARGET = 13.5;
				MTL_ENABLE_DEBUG_INFO = INCLUDE_SOURCE;
				MTL_FAST_MATH = YES;
				ONLY_ACTIVE_ARCH = YES;
				SDKROOT = iphoneos;
				SWIFT_ACTIVE_COMPILATION_CONDITIONS = DEBUG;
				SWIFT_OPTIMIZATION_LEVEL = "-Onone";
			};
			name = Debug;
		};
		107BF78224A17DFA00372A09 /* Release */ = {
			isa = XCBuildConfiguration;
			buildSettings = {
				ALWAYS_SEARCH_USER_PATHS = NO;
				CLANG_ANALYZER_NONNULL = YES;
				CLANG_ANALYZER_NUMBER_OBJECT_CONVERSION = YES_AGGRESSIVE;
				CLANG_CXX_LANGUAGE_STANDARD = "gnu++14";
				CLANG_CXX_LIBRARY = "libc++";
				CLANG_ENABLE_MODULES = YES;
				CLANG_ENABLE_OBJC_ARC = YES;
				CLANG_ENABLE_OBJC_WEAK = YES;
				CLANG_WARN_BLOCK_CAPTURE_AUTORELEASING = YES;
				CLANG_WARN_BOOL_CONVERSION = YES;
				CLANG_WARN_COMMA = YES;
				CLANG_WARN_CONSTANT_CONVERSION = YES;
				CLANG_WARN_DEPRECATED_OBJC_IMPLEMENTATIONS = YES;
				CLANG_WARN_DIRECT_OBJC_ISA_USAGE = YES_ERROR;
				CLANG_WARN_DOCUMENTATION_COMMENTS = YES;
				CLANG_WARN_EMPTY_BODY = YES;
				CLANG_WARN_ENUM_CONVERSION = YES;
				CLANG_WARN_INFINITE_RECURSION = YES;
				CLANG_WARN_INT_CONVERSION = YES;
				CLANG_WARN_NON_LITERAL_NULL_CONVERSION = YES;
				CLANG_WARN_OBJC_IMPLICIT_RETAIN_SELF = YES;
				CLANG_WARN_OBJC_LITERAL_CONVERSION = YES;
				CLANG_WARN_OBJC_ROOT_CLASS = YES_ERROR;
				CLANG_WARN_RANGE_LOOP_ANALYSIS = YES;
				CLANG_WARN_STRICT_PROTOTYPES = YES;
				CLANG_WARN_SUSPICIOUS_MOVE = YES;
				CLANG_WARN_UNGUARDED_AVAILABILITY = YES_AGGRESSIVE;
				CLANG_WARN_UNREACHABLE_CODE = YES;
				CLANG_WARN__DUPLICATE_METHOD_MATCH = YES;
				COPY_PHASE_STRIP = NO;
				DEBUG_INFORMATION_FORMAT = "dwarf-with-dsym";
				ENABLE_NS_ASSERTIONS = NO;
				ENABLE_STRICT_OBJC_MSGSEND = YES;
				GCC_C_LANGUAGE_STANDARD = gnu11;
				GCC_NO_COMMON_BLOCKS = YES;
				GCC_WARN_64_TO_32_BIT_CONVERSION = YES;
				GCC_WARN_ABOUT_RETURN_TYPE = YES_ERROR;
				GCC_WARN_UNDECLARED_SELECTOR = YES;
				GCC_WARN_UNINITIALIZED_AUTOS = YES_AGGRESSIVE;
				GCC_WARN_UNUSED_FUNCTION = YES;
				GCC_WARN_UNUSED_VARIABLE = YES;
				IPHONEOS_DEPLOYMENT_TARGET = 13.5;
				MTL_ENABLE_DEBUG_INFO = NO;
				MTL_FAST_MATH = YES;
				SDKROOT = iphoneos;
				SWIFT_COMPILATION_MODE = wholemodule;
				SWIFT_OPTIMIZATION_LEVEL = "-O";
				VALIDATE_PRODUCT = YES;
			};
			name = Release;
		};
		107BF78424A17DFB00372A09 /* Debug */ = {
			isa = XCBuildConfiguration;
			buildSettings = {
				ASSETCATALOG_COMPILER_APPICON_NAME = AppIcon;
				CODE_SIGN_STYLE = Automatic;
				DEVELOPMENT_TEAM = ALZSZL4Z28;
				INFOPLIST_FILE = CrankDaGang/Info.plist;
				LD_RUNPATH_SEARCH_PATHS = (
					"$(inherited)",
					"@executable_path/Frameworks",
				);
				PRODUCT_BUNDLE_IDENTIFIER = com.hydro.CrankDaGang;
				PRODUCT_NAME = "$(TARGET_NAME)";
				SWIFT_VERSION = 5.0;
				TARGETED_DEVICE_FAMILY = "1,2";
			};
			name = Debug;
		};
		107BF78524A17DFB00372A09 /* Release */ = {
			isa = XCBuildConfiguration;
			buildSettings = {
				ASSETCATALOG_COMPILER_APPICON_NAME = AppIcon;
				CODE_SIGN_STYLE = Automatic;
				DEVELOPMENT_TEAM = ALZSZL4Z28;
				INFOPLIST_FILE = CrankDaGang/Info.plist;
				LD_RUNPATH_SEARCH_PATHS = (
					"$(inherited)",
					"@executable_path/Frameworks",
				);
				PRODUCT_BUNDLE_IDENTIFIER = com.hydro.CrankDaGang;
				PRODUCT_NAME = "$(TARGET_NAME)";
				SWIFT_VERSION = 5.0;
				TARGETED_DEVICE_FAMILY = "1,2";
			};
			name = Release;
		};
		107BF78724A17DFB00372A09 /* Debug */ = {
			isa = XCBuildConfiguration;
			buildSettings = {
				ALWAYS_EMBED_SWIFT_STANDARD_LIBRARIES = YES;
				BUNDLE_LOADER = "$(TEST_HOST)";
				CODE_SIGN_STYLE = Automatic;
				DEVELOPMENT_TEAM = ALZSZL4Z28;
				INFOPLIST_FILE = CrankDaGangTests/Info.plist;
				IPHONEOS_DEPLOYMENT_TARGET = 13.5;
				LD_RUNPATH_SEARCH_PATHS = (
					"$(inherited)",
					"@executable_path/Frameworks",
					"@loader_path/Frameworks",
				);
				PRODUCT_BUNDLE_IDENTIFIER = com.hydro.CrankDaGangTests;
				PRODUCT_NAME = "$(TARGET_NAME)";
				SWIFT_VERSION = 5.0;
				TARGETED_DEVICE_FAMILY = "1,2";
				TEST_HOST = "$(BUILT_PRODUCTS_DIR)/CrankDaGang.app/CrankDaGang";
			};
			name = Debug;
		};
		107BF78824A17DFB00372A09 /* Release */ = {
			isa = XCBuildConfiguration;
			buildSettings = {
				ALWAYS_EMBED_SWIFT_STANDARD_LIBRARIES = YES;
				BUNDLE_LOADER = "$(TEST_HOST)";
				CODE_SIGN_STYLE = Automatic;
				DEVELOPMENT_TEAM = ALZSZL4Z28;
				INFOPLIST_FILE = CrankDaGangTests/Info.plist;
				IPHONEOS_DEPLOYMENT_TARGET = 13.5;
				LD_RUNPATH_SEARCH_PATHS = (
					"$(inherited)",
					"@executable_path/Frameworks",
					"@loader_path/Frameworks",
				);
				PRODUCT_BUNDLE_IDENTIFIER = com.hydro.CrankDaGangTests;
				PRODUCT_NAME = "$(TARGET_NAME)";
				SWIFT_VERSION = 5.0;
				TARGETED_DEVICE_FAMILY = "1,2";
				TEST_HOST = "$(BUILT_PRODUCTS_DIR)/CrankDaGang.app/CrankDaGang";
			};
			name = Release;
		};
		107BF78A24A17DFB00372A09 /* Debug */ = {
			isa = XCBuildConfiguration;
			buildSettings = {
				ALWAYS_EMBED_SWIFT_STANDARD_LIBRARIES = YES;
				CODE_SIGN_STYLE = Automatic;
				DEVELOPMENT_TEAM = ALZSZL4Z28;
				INFOPLIST_FILE = CrankDaGangUITests/Info.plist;
				LD_RUNPATH_SEARCH_PATHS = (
					"$(inherited)",
					"@executable_path/Frameworks",
					"@loader_path/Frameworks",
				);
				PRODUCT_BUNDLE_IDENTIFIER = com.hydro.CrankDaGangUITests;
				PRODUCT_NAME = "$(TARGET_NAME)";
				SWIFT_VERSION = 5.0;
				TARGETED_DEVICE_FAMILY = "1,2";
				TEST_TARGET_NAME = CrankDaGang;
			};
			name = Debug;
		};
		107BF78B24A17DFB00372A09 /* Release */ = {
			isa = XCBuildConfiguration;
			buildSettings = {
				ALWAYS_EMBED_SWIFT_STANDARD_LIBRARIES = YES;
				CODE_SIGN_STYLE = Automatic;
				DEVELOPMENT_TEAM = ALZSZL4Z28;
				INFOPLIST_FILE = CrankDaGangUITests/Info.plist;
				LD_RUNPATH_SEARCH_PATHS = (
					"$(inherited)",
					"@executable_path/Frameworks",
					"@loader_path/Frameworks",
				);
				PRODUCT_BUNDLE_IDENTIFIER = com.hydro.CrankDaGangUITests;
				PRODUCT_NAME = "$(TARGET_NAME)";
				SWIFT_VERSION = 5.0;
				TARGETED_DEVICE_FAMILY = "1,2";
				TEST_TARGET_NAME = CrankDaGang;
			};
			name = Release;
		};
/* End XCBuildConfiguration section */

/* Begin XCConfigurationList section */
		107BF75424A17DA200372A09 /* Build configuration list for PBXProject "CrankDaGang" */ = {
			isa = XCConfigurationList;
			buildConfigurations = (
				107BF78124A17DFA00372A09 /* Debug */,
				107BF78224A17DFA00372A09 /* Release */,
			);
			defaultConfigurationIsVisible = 0;
			defaultConfigurationName = Release;
		};
		107BF78324A17DFB00372A09 /* Build configuration list for PBXNativeTarget "CrankDaGang" */ = {
			isa = XCConfigurationList;
			buildConfigurations = (
				107BF78424A17DFB00372A09 /* Debug */,
				107BF78524A17DFB00372A09 /* Release */,
			);
			defaultConfigurationIsVisible = 0;
			defaultConfigurationName = Release;
		};
		107BF78624A17DFB00372A09 /* Build configuration list for PBXNativeTarget "CrankDaGangTests" */ = {
			isa = XCConfigurationList;
			buildConfigurations = (
				107BF78724A17DFB00372A09 /* Debug */,
				107BF78824A17DFB00372A09 /* Release */,
			);
			defaultConfigurationIsVisible = 0;
			defaultConfigurationName = Release;
		};
		107BF78924A17DFB00372A09 /* Build configuration list for PBXNativeTarget "CrankDaGangUITests" */ = {
			isa = XCConfigurationList;
			buildConfigurations = (
				107BF78A24A17DFB00372A09 /* Debug */,
				107BF78B24A17DFB00372A09 /* Release */,
			);
			defaultConfigurationIsVisible = 0;
			defaultConfigurationName = Release;
		};
/* End XCConfigurationList section */
	};
	rootObject = 107BF75124A17DA200372A09 /* Project object */;
}
